
Microsoft Visual Studio Solution File, Format Version 12.00
# Visual Studio 15
VisualStudioVersion = 15.0.26730.16
MinimumVisualStudioVersion = 10.0.40219.1
Project("{FAE04EC0-301F-11D3-BF4B-00C04F79EFBC}") = "CoodingDojo3", "CoodingDojo3\CoodingDojo3.csproj", "{F622DFC4-650D-45D5-91DA-B182AC070A9C}"
EndProject
Project("{FAE04EC0-301F-11D3-BF4B-00C04F79EFBC}") = "Shared", "..\CD3\CD3\Shared\Shared.csproj", "{1938FF64-FC06-457F-B245-C60D3FF48B2E}"
EndProject
Global
	GlobalSection(SolutionConfigurationPlatforms) = preSolution
		Debug|Any CPU = Debug|Any CPU
		Release|Any CPU = Release|Any CPU
	EndGlobalSection
	GlobalSection(ProjectConfigurationPlatforms) = postSolution
		{F622DFC4-650D-45D5-91DA-B182AC070A9C}.Debug|Any CPU.ActiveCfg = Debug|Any CPU
		{F622DFC4-650D-45D5-91DA-B182AC070A9C}.Debug|Any CPU.Build.0 = Debug|Any CPU
		{F622DFC4-650D-45D5-91DA-B182AC070A9C}.Release|Any CPU.ActiveCfg = Release|Any CPU
		{F622DFC4-650D-45D5-91DA-B182AC070A9C}.Release|Any CPU.Build.0 = Release|Any CPU
		{1938FF64-FC06-457F-B245-C60D3FF48B2E}.Debug|Any CPU.ActiveCfg = Debug|Any CPU
		{1938FF64-FC06-457F-B245-C60D3FF48B2E}.Debug|Any CPU.Build.0 = Debug|Any CPU
		{1938FF64-FC06-457F-B245-C60D3FF48B2E}.Release|Any CPU.ActiveCfg = Release|Any CPU
		{1938FF64-FC06-457F-B245-C60D3FF48B2E}.Release|Any CPU.Build.0 = Release|Any CPU
	EndGlobalSection
	GlobalSection(SolutionProperties) = preSolution
		HideSolutionNode = FALSE
	EndGlobalSection
	GlobalSection(ExtensibilityGlobals) = postSolution
		SolutionGuid = {FF98475C-BAF9-4754-991D-7B482F760B7E}
	EndGlobalSection
EndGlobal
